
Microsoft Visual Studio Solution File, Format Version 12.00
# Visual Studio Version 16
VisualStudioVersion = 16.0.31702.278
MinimumVisualStudioVersion = 10.0.40219.1
Project("{FAE04EC0-301F-11D3-BF4B-00C04F79EFBC}") = "ReadXmlFile", "ReadXmlFile.csproj", "{3731958C-7EE6-405B-A770-9D7E599515FA}"
EndProject
Global
	GlobalSection(SolutionConfigurationPlatforms) = preSolution
		Debug|Any CPU = Debug|Any CPU
		Release|Any CPU = Release|Any CPU
	EndGlobalSection
	GlobalSection(ProjectConfigurationPlatforms) = postSolution
		{3731958C-7EE6-405B-A770-9D7E599515FA}.Debug|Any CPU.ActiveCfg = Debug|Any CPU
		{3731958C-7EE6-405B-A770-9D7E599515FA}.Debug|Any CPU.Build.0 = Debug|Any CPU
		{3731958C-7EE6-405B-A770-9D7E599515FA}.Release|Any CPU.ActiveCfg = Release|Any CPU
		{3731958C-7EE6-405B-A770-9D7E599515FA}.Release|Any CPU.Build.0 = Release|Any CPU
	EndGlobalSection
	GlobalSection(SolutionProperties) = preSolution
		HideSolutionNode = FALSE
	EndGlobalSection
	GlobalSection(ExtensibilityGlobals) = postSolution
		SolutionGuid = {913B513D-BEFB-4928-9C4D-D713A084DF9E}
	EndGlobalSection
EndGlobal
