
Microsoft Visual Studio Solution File, Format Version 12.00
# Visual Studio Version 16
VisualStudioVersion = 16.0.31702.278
MinimumVisualStudioVersion = 10.0.40219.1
Project("{FAE04EC0-301F-11D3-BF4B-00C04F79EFBC}") = "WebApplication4", "WebApplication4.csproj", "{6297A441-8D90-4ED3-8E26-0A0453D58302}"
EndProject
Global
	GlobalSection(SolutionConfigurationPlatforms) = preSolution
		Debug|Any CPU = Debug|Any CPU
		Release|Any CPU = Release|Any CPU
	EndGlobalSection
	GlobalSection(ProjectConfigurationPlatforms) = postSolution
		{6297A441-8D90-4ED3-8E26-0A0453D58302}.Debug|Any CPU.ActiveCfg = Debug|Any CPU
		{6297A441-8D90-4ED3-8E26-0A0453D58302}.Debug|Any CPU.Build.0 = Debug|Any CPU
		{6297A441-8D90-4ED3-8E26-0A0453D58302}.Release|Any CPU.ActiveCfg = Release|Any CPU
		{6297A441-8D90-4ED3-8E26-0A0453D58302}.Release|Any CPU.Build.0 = Release|Any CPU
	EndGlobalSection
	GlobalSection(SolutionProperties) = preSolution
		HideSolutionNode = FALSE
	EndGlobalSection
	GlobalSection(ExtensibilityGlobals) = postSolution
		SolutionGuid = {732CF99B-A77A-4697-A8ED-B94DF071795A}
	EndGlobalSection
EndGlobal
