
Microsoft Visual Studio Solution File, Format Version 12.00
# Visual Studio Version 16
VisualStudioVersion = 16.0.31702.278
MinimumVisualStudioVersion = 10.0.40219.1
Project("{FAE04EC0-301F-11D3-BF4B-00C04F79EFBC}") = "WebApplication1", "WebApplication1.csproj", "{90A5A3EC-3E84-482E-8912-D1A4986A19CD}"
EndProject
Global
	GlobalSection(SolutionConfigurationPlatforms) = preSolution
		Debug|Any CPU = Debug|Any CPU
		Release|Any CPU = Release|Any CPU
	EndGlobalSection
	GlobalSection(ProjectConfigurationPlatforms) = postSolution
		{90A5A3EC-3E84-482E-8912-D1A4986A19CD}.Debug|Any CPU.ActiveCfg = Debug|Any CPU
		{90A5A3EC-3E84-482E-8912-D1A4986A19CD}.Debug|Any CPU.Build.0 = Debug|Any CPU
		{90A5A3EC-3E84-482E-8912-D1A4986A19CD}.Release|Any CPU.ActiveCfg = Release|Any CPU
		{90A5A3EC-3E84-482E-8912-D1A4986A19CD}.Release|Any CPU.Build.0 = Release|Any CPU
	EndGlobalSection
	GlobalSection(SolutionProperties) = preSolution
		HideSolutionNode = FALSE
	EndGlobalSection
	GlobalSection(ExtensibilityGlobals) = postSolution
		SolutionGuid = {3BE588BE-B8AB-42C6-98F3-C2F441B009F9}
	EndGlobalSection
EndGlobal
