
Microsoft Visual Studio Solution File, Format Version 12.00
# Visual Studio Version 16
VisualStudioVersion = 16.0.31702.278
MinimumVisualStudioVersion = 10.0.40219.1
Project("{FAE04EC0-301F-11D3-BF4B-00C04F79EFBC}") = "WindowsService4", "WindowsService4.csproj", "{A964EE87-3513-4366-8200-C700D4FCA579}"
EndProject
Global
	GlobalSection(SolutionConfigurationPlatforms) = preSolution
		Debug|Any CPU = Debug|Any CPU
		Release|Any CPU = Release|Any CPU
	EndGlobalSection
	GlobalSection(ProjectConfigurationPlatforms) = postSolution
		{A964EE87-3513-4366-8200-C700D4FCA579}.Debug|Any CPU.ActiveCfg = Debug|Any CPU
		{A964EE87-3513-4366-8200-C700D4FCA579}.Debug|Any CPU.Build.0 = Debug|Any CPU
		{A964EE87-3513-4366-8200-C700D4FCA579}.Release|Any CPU.ActiveCfg = Release|Any CPU
		{A964EE87-3513-4366-8200-C700D4FCA579}.Release|Any CPU.Build.0 = Release|Any CPU
	EndGlobalSection
	GlobalSection(SolutionProperties) = preSolution
		HideSolutionNode = FALSE
	EndGlobalSection
	GlobalSection(ExtensibilityGlobals) = postSolution
		SolutionGuid = {463EF265-0B2A-4A8F-B901-E01F3CC90792}
	EndGlobalSection
EndGlobal
