
Microsoft Visual Studio Solution File, Format Version 12.00
# Visual Studio Version 16
VisualStudioVersion = 16.0.31702.278
MinimumVisualStudioVersion = 10.0.40219.1
Project("{FAE04EC0-301F-11D3-BF4B-00C04F79EFBC}") = "ConsoleApp1", "ConsoleApp1.csproj", "{EEE786BE-100C-4510-8119-038C7B1B2373}"
EndProject
Project("{FAE04EC0-301F-11D3-BF4B-00C04F79EFBC}") = "TestProject1", "..\TestProject1\TestProject1.csproj", "{43D7F038-4D0C-4D21-A51F-2430CDDB2533}"
EndProject
Global
	GlobalSection(SolutionConfigurationPlatforms) = preSolution
		Debug|Any CPU = Debug|Any CPU
		Release|Any CPU = Release|Any CPU
	EndGlobalSection
	GlobalSection(ProjectConfigurationPlatforms) = postSolution
		{EEE786BE-100C-4510-8119-038C7B1B2373}.Debug|Any CPU.ActiveCfg = Debug|Any CPU
		{EEE786BE-100C-4510-8119-038C7B1B2373}.Debug|Any CPU.Build.0 = Debug|Any CPU
		{EEE786BE-100C-4510-8119-038C7B1B2373}.Release|Any CPU.ActiveCfg = Release|Any CPU
		{EEE786BE-100C-4510-8119-038C7B1B2373}.Release|Any CPU.Build.0 = Release|Any CPU
		{43D7F038-4D0C-4D21-A51F-2430CDDB2533}.Debug|Any CPU.ActiveCfg = Debug|Any CPU
		{43D7F038-4D0C-4D21-A51F-2430CDDB2533}.Debug|Any CPU.Build.0 = Debug|Any CPU
		{43D7F038-4D0C-4D21-A51F-2430CDDB2533}.Release|Any CPU.ActiveCfg = Release|Any CPU
		{43D7F038-4D0C-4D21-A51F-2430CDDB2533}.Release|Any CPU.Build.0 = Release|Any CPU
	EndGlobalSection
	GlobalSection(SolutionProperties) = preSolution
		HideSolutionNode = FALSE
	EndGlobalSection
	GlobalSection(ExtensibilityGlobals) = postSolution
		SolutionGuid = {38D12045-08F3-43EB-A23B-C10765CAB520}
	EndGlobalSection
EndGlobal
